
Microsoft Visual Studio Solution File, Format Version 12.00
# Visual Studio 15
VisualStudioVersion = 15.0.28307.757
MinimumVisualStudioVersion = 10.0.40219.1
Project("{F184B08F-C81C-45F6-A57F-5ABD9991F28F}") = "DarkSouls AutoSave Backup", "DarkSouls AutoSave Backup\DarkSouls AutoSave Backup.vbproj", "{11145D1F-187B-417D-9691-19833463F4CE}"
EndProject
Global
	GlobalSection(SolutionConfigurationPlatforms) = preSolution
		Debug|x86 = Debug|x86
		Release|x86 = Release|x86
	EndGlobalSection
	GlobalSection(ProjectConfigurationPlatforms) = postSolution
		{11145D1F-187B-417D-9691-19833463F4CE}.Debug|x86.ActiveCfg = Debug|x86
		{11145D1F-187B-417D-9691-19833463F4CE}.Debug|x86.Build.0 = Debug|x86
		{11145D1F-187B-417D-9691-19833463F4CE}.Release|x86.ActiveCfg = Release|x86
		{11145D1F-187B-417D-9691-19833463F4CE}.Release|x86.Build.0 = Release|x86
	EndGlobalSection
	GlobalSection(SolutionProperties) = preSolution
		HideSolutionNode = FALSE
	EndGlobalSection
	GlobalSection(ExtensibilityGlobals) = postSolution
		SolutionGuid = {A8FFC710-0BDD-453C-BDDF-36A95D67005F}
	EndGlobalSection
EndGlobal
